
Microsoft Visual Studio Solution File, Format Version 12.00
# Visual Studio 15
VisualStudioVersion = 15.0.28010.2036
MinimumVisualStudioVersion = 10.0.40219.1
Project("{9A19103F-16F7-4668-BE54-9A1E7A4F7556}") = "Data", "Data\Data.csproj", "{43AF6446-B4E7-4084-A326-6122D646F1D8}"
EndProject
Project("{9A19103F-16F7-4668-BE54-9A1E7A4F7556}") = "Infra", "Infra\Infra.csproj", "{211BBCDC-53A1-46D1-8A99-FA5AA6A8D851}"
EndProject
Project("{9A19103F-16F7-4668-BE54-9A1E7A4F7556}") = "Core", "Core\Core.csproj", "{62DE1DE1-5F62-4C57-84B6-AAD620AE142F}"
EndProject
Project("{9A19103F-16F7-4668-BE54-9A1E7A4F7556}") = "EventProject", "EventProject\EventProject.csproj", "{40F65292-F61E-4474-84EF-08BBA5B67844}"
EndProject
Project("{9A19103F-16F7-4668-BE54-9A1E7A4F7556}") = "Aids", "Aids\Aids.csproj", "{5CFACF5D-A1B2-4250-8E10-D68C87C1C895}"
EndProject
Project("{FAE04EC0-301F-11D3-BF4B-00C04F79EFBC}") = "Tests", "Tests\Tests.csproj", "{D41B38BD-14F4-43A0-9BEA-BBD62AE932D0}"
EndProject
Project("{FAE04EC0-301F-11D3-BF4B-00C04F79EFBC}") = "Facade", "Facade\Facade.csproj", "{5D4FAE6E-17D5-4FBB-A93F-627FC97FDD3E}"
EndProject
Project("{FAE04EC0-301F-11D3-BF4B-00C04F79EFBC}") = "Domain", "Domain\Domain.csproj", "{40AFCEDF-BADD-43C5-937F-E0A3A146E022}"
EndProject
Global
	GlobalSection(SolutionConfigurationPlatforms) = preSolution
		Debug|Any CPU = Debug|Any CPU
		Release|Any CPU = Release|Any CPU
	EndGlobalSection
	GlobalSection(ProjectConfigurationPlatforms) = postSolution
		{43AF6446-B4E7-4084-A326-6122D646F1D8}.Debug|Any CPU.ActiveCfg = Debug|Any CPU
		{43AF6446-B4E7-4084-A326-6122D646F1D8}.Debug|Any CPU.Build.0 = Debug|Any CPU
		{43AF6446-B4E7-4084-A326-6122D646F1D8}.Release|Any CPU.ActiveCfg = Release|Any CPU
		{43AF6446-B4E7-4084-A326-6122D646F1D8}.Release|Any CPU.Build.0 = Release|Any CPU
		{211BBCDC-53A1-46D1-8A99-FA5AA6A8D851}.Debug|Any CPU.ActiveCfg = Debug|Any CPU
		{211BBCDC-53A1-46D1-8A99-FA5AA6A8D851}.Debug|Any CPU.Build.0 = Debug|Any CPU
		{211BBCDC-53A1-46D1-8A99-FA5AA6A8D851}.Release|Any CPU.ActiveCfg = Release|Any CPU
		{211BBCDC-53A1-46D1-8A99-FA5AA6A8D851}.Release|Any CPU.Build.0 = Release|Any CPU
		{62DE1DE1-5F62-4C57-84B6-AAD620AE142F}.Debug|Any CPU.ActiveCfg = Debug|Any CPU
		{62DE1DE1-5F62-4C57-84B6-AAD620AE142F}.Debug|Any CPU.Build.0 = Debug|Any CPU
		{62DE1DE1-5F62-4C57-84B6-AAD620AE142F}.Release|Any CPU.ActiveCfg = Release|Any CPU
		{62DE1DE1-5F62-4C57-84B6-AAD620AE142F}.Release|Any CPU.Build.0 = Release|Any CPU
		{40F65292-F61E-4474-84EF-08BBA5B67844}.Debug|Any CPU.ActiveCfg = Debug|Any CPU
		{40F65292-F61E-4474-84EF-08BBA5B67844}.Debug|Any CPU.Build.0 = Debug|Any CPU
		{40F65292-F61E-4474-84EF-08BBA5B67844}.Release|Any CPU.ActiveCfg = Release|Any CPU
		{40F65292-F61E-4474-84EF-08BBA5B67844}.Release|Any CPU.Build.0 = Release|Any CPU
		{5CFACF5D-A1B2-4250-8E10-D68C87C1C895}.Debug|Any CPU.ActiveCfg = Debug|Any CPU
		{5CFACF5D-A1B2-4250-8E10-D68C87C1C895}.Debug|Any CPU.Build.0 = Debug|Any CPU
		{5CFACF5D-A1B2-4250-8E10-D68C87C1C895}.Release|Any CPU.ActiveCfg = Release|Any CPU
		{5CFACF5D-A1B2-4250-8E10-D68C87C1C895}.Release|Any CPU.Build.0 = Release|Any CPU
		{5D4FAE6E-17D5-4FBB-A93F-627FC97FDD3E}.Debug|Any CPU.ActiveCfg = Debug|Any CPU
		{5D4FAE6E-17D5-4FBB-A93F-627FC97FDD3E}.Debug|Any CPU.Build.0 = Debug|Any CPU
		{5D4FAE6E-17D5-4FBB-A93F-627FC97FDD3E}.Release|Any CPU.ActiveCfg = Release|Any CPU
		{5D4FAE6E-17D5-4FBB-A93F-627FC97FDD3E}.Release|Any CPU.Build.0 = Release|Any CPU
		{40AFCEDF-BADD-43C5-937F-E0A3A146E022}.Debug|Any CPU.ActiveCfg = Debug|Any CPU
		{40AFCEDF-BADD-43C5-937F-E0A3A146E022}.Debug|Any CPU.Build.0 = Debug|Any CPU
		{40AFCEDF-BADD-43C5-937F-E0A3A146E022}.Release|Any CPU.ActiveCfg = Release|Any CPU
		{40AFCEDF-BADD-43C5-937F-E0A3A146E022}.Release|Any CPU.Build.0 = Release|Any CPU
		{D41B38BD-14F4-43A0-9BEA-BBD62AE932D0}.Debug|Any CPU.ActiveCfg = Debug|Any CPU
		{D41B38BD-14F4-43A0-9BEA-BBD62AE932D0}.Debug|Any CPU.Build.0 = Debug|Any CPU
		{D41B38BD-14F4-43A0-9BEA-BBD62AE932D0}.Release|Any CPU.ActiveCfg = Release|Any CPU
		{D41B38BD-14F4-43A0-9BEA-BBD62AE932D0}.Release|Any CPU.Build.0 = Release|Any CPU
	EndGlobalSection
	GlobalSection(SolutionProperties) = preSolution
		HideSolutionNode = FALSE
	EndGlobalSection
	GlobalSection(ExtensibilityGlobals) = postSolution
		SolutionGuid = {417B01B3-25CA-4613-9CA7-80895C0F4D9C}
	EndGlobalSection
EndGlobal
